
Microsoft Visual Studio Solution File, Format Version 12.00
# Visual Studio Version 17
VisualStudioVersion = 17.11.35312.102
MinimumVisualStudioVersion = 10.0.40219.1
Project("{9A19103F-16F7-4668-BE54-9A1E7A4F7556}") = "Modular.WebApi", "src\Modular.WebApi\Modular.WebApi.csproj", "{DF2B5B75-0E14-48A5-952D-02CAD58A03E2}"
EndProject
Project("{2150E333-8FDC-42A3-9474-1A3956D46DE8}") = "src", "src", "{5BAE22E3-DE23-4457-B27B-D77D9924AFB2}"
EndProject
Project("{2150E333-8FDC-42A3-9474-1A3956D46DE8}") = "test", "test", "{17149432-86C3-4C43-9C66-D94BF1F2F64E}"
EndProject
Project("{2150E333-8FDC-42A3-9474-1A3956D46DE8}") = "Customers", "Customers", "{CF1D8D3A-2480-4D0F-B5CF-112203FF459C}"
EndProject
Project("{2150E333-8FDC-42A3-9474-1A3956D46DE8}") = "Orders", "Orders", "{4260D2BE-FC8C-42FF-A802-CAD342337B8D}"
EndProject
Project("{9A19103F-16F7-4668-BE54-9A1E7A4F7556}") = "Modular.Orders", "src\Orders\Modular.Orders\Modular.Orders.csproj", "{D108BD4E-C4C4-4B44-B1AD-3FA00555C5D4}"
EndProject
Project("{2150E333-8FDC-42A3-9474-1A3956D46DE8}") = "Catalogs", "Catalogs", "{6B90C64A-0B54-4338-9664-282C90EECB0A}"
EndProject
Project("{2150E333-8FDC-42A3-9474-1A3956D46DE8}") = "Warehouse", "Warehouse", "{F6E26D86-D8A0-4051-8113-45F407664A6F}"
EndProject
Project("{2150E333-8FDC-42A3-9474-1A3956D46DE8}") = "Solution Items", "Solution Items", "{4B99BCDF-2976-4EB5-A4A5-3B7E94462974}"
	ProjectSection(SolutionItems) = preProject
		.editorconfig = .editorconfig
		Directory.Build.props = Directory.Build.props
		Directory.Packages.props = Directory.Packages.props
	EndProjectSection
EndProject
Project("{2150E333-8FDC-42A3-9474-1A3956D46DE8}") = "Payment", "Payment", "{685E5CD5-CCAC-47E7-9106-B22AA5641F2E}"
EndProject
Project("{2150E333-8FDC-42A3-9474-1A3956D46DE8}") = "Common", "Common", "{31555A31-A727-4F1B-A29B-8180906799DD}"
EndProject
Project("{FAE04EC0-301F-11D3-BF4B-00C04F79EFBC}") = "Modular.Catalog.Infrastructure", "src\Catalog\Modular.Catalog.Infrastructure\Modular.Catalog.Infrastructure.csproj", "{40A1132B-F062-466A-A790-D8345D707897}"
EndProject
Project("{9A19103F-16F7-4668-BE54-9A1E7A4F7556}") = "Modular.Catalog.IntegrationEvents", "src\Catalog\Modular.ProductIntegrationEvents\Modular.Catalog.IntegrationEvents.csproj", "{D0687241-D572-437D-AFBC-E6091E701107}"
EndProject
Project("{FAE04EC0-301F-11D3-BF4B-00C04F79EFBC}") = "Modular.Common", "src\Common\Modular.Common\Modular.Common.csproj", "{CCD2145F-65A9-4DAE-8323-C851FCDFFF36}"
EndProject
Project("{FAE04EC0-301F-11D3-BF4B-00C04F79EFBC}") = "Modular.Catalog", "src\Catalog\Modular.Catalog\Modular.Catalog.csproj", "{2D4BBDCA-82D8-4D10-B48C-6A0A94234A8D}"
EndProject
Project("{FAE04EC0-301F-11D3-BF4B-00C04F79EFBC}") = "Modular.Customers", "src\Customers\Modular.Customers\Modular.Customers.csproj", "{9BD990DA-40C2-4BFF-B2BC-8112492E8B73}"
EndProject
Project("{FAE04EC0-301F-11D3-BF4B-00C04F79EFBC}") = "Modular.Orders.Integrations", "src\Orders\Modular.Orders.IntegrationEvents\Modular.Orders.Integrations.csproj", "{0AFFB84F-8362-48A8-8607-F49DB59990E7}"
EndProject
Project("{FAE04EC0-301F-11D3-BF4B-00C04F79EFBC}") = "Modular.Orders.Infrastructure", "src\Orders\Modular.Orders.Infrastructure\Modular.Orders.Infrastructure.csproj", "{764F8CE0-EF7F-432E-8FDF-F421A64589A9}"
EndProject
Project("{FAE04EC0-301F-11D3-BF4B-00C04F79EFBC}") = "Modular.Warehouse.IntegrationEvents", "src\Warehouse\Modular.Warehouse.IntegrationEvents\Modular.Warehouse.IntegrationEvents.csproj", "{3E99FA9B-249C-42BD-B6B8-01BEF9FC4AA5}"
EndProject
Project("{FAE04EC0-301F-11D3-BF4B-00C04F79EFBC}") = "Modular.Warehouse", "src\Warehouse\Modular.Warehouse\Modular.Warehouse.csproj", "{D2F6153B-1133-ED63-DCC9-B361235EC440}"
EndProject
Project("{FAE04EC0-301F-11D3-BF4B-00C04F79EFBC}") = "Modular.Payments", "src\Payments\Modular.Payments\Modular.Payments.csproj", "{549D8080-F9B5-4730-A558-6407E3CBD8DD}"
EndProject
Project("{FAE04EC0-301F-11D3-BF4B-00C04F79EFBC}") = "Modular.Payments.IntegrationEvents", "src\Payments\Modular.Payments.IntegrationEvents\Modular.Payments.IntegrationEvents.csproj", "{8DB478D3-ACE7-4511-917C-7F457AE8A1A0}"
EndProject
Project("{2150E333-8FDC-42A3-9474-1A3956D46DE8}") = "Notifications", "Notifications", "{02EA681E-C7D8-13C7-8484-4AC65E1B71E8}"
EndProject
Project("{FAE04EC0-301F-11D3-BF4B-00C04F79EFBC}") = "Modular.Notifications", "src\Notifications\Modular.Notifications\Modular.Notifications.csproj", "{3906FE2D-8464-4F9F-B553-798D596F6020}"
EndProject
Project("{FAE04EC0-301F-11D3-BF4B-00C04F79EFBC}") = "Modular.Customers.IntegrationEvents", "src\Customers\Modular.Customers.IntegrationEvents\Modular.Customers.IntegrationEvents.csproj", "{6E8436D5-B757-4B3E-AF8A-A482A8E6A544}"
EndProject
Project("{FAE04EC0-301F-11D3-BF4B-00C04F79EFBC}") = "Modular.Notifications.Infrastructure", "src\Notifications\Modular.Notifications.Infrastructure\Modular.Notifications.Infrastructure.csproj", "{7E66FE06-4FDB-47CE-B585-6DE71E4A0609}"
EndProject
Project("{FAE04EC0-301F-11D3-BF4B-00C04F79EFBC}") = "modular-monolith.AppHost", "src\modular-monolith.AppHost\modular-monolith.AppHost.csproj", "{FC690611-A0E5-4C21-BCE8-1D502C033E12}"
EndProject
Project("{FAE04EC0-301F-11D3-BF4B-00C04F79EFBC}") = "modular-monolith.ServiceDefaults", "src\modular-monolith.ServiceDefaults\modular-monolith.ServiceDefaults.csproj", "{5AAE0461-ACA5-8445-1EA1-A91BC2CB4B54}"
EndProject
Global
	GlobalSection(SolutionConfigurationPlatforms) = preSolution
		Debug|Any CPU = Debug|Any CPU
		Release|Any CPU = Release|Any CPU
	EndGlobalSection
	GlobalSection(ProjectConfigurationPlatforms) = postSolution
		{DF2B5B75-0E14-48A5-952D-02CAD58A03E2}.Debug|Any CPU.ActiveCfg = Debug|Any CPU
		{DF2B5B75-0E14-48A5-952D-02CAD58A03E2}.Debug|Any CPU.Build.0 = Debug|Any CPU
		{DF2B5B75-0E14-48A5-952D-02CAD58A03E2}.Release|Any CPU.ActiveCfg = Release|Any CPU
		{DF2B5B75-0E14-48A5-952D-02CAD58A03E2}.Release|Any CPU.Build.0 = Release|Any CPU
		{D108BD4E-C4C4-4B44-B1AD-3FA00555C5D4}.Debug|Any CPU.ActiveCfg = Debug|Any CPU
		{D108BD4E-C4C4-4B44-B1AD-3FA00555C5D4}.Debug|Any CPU.Build.0 = Debug|Any CPU
		{D108BD4E-C4C4-4B44-B1AD-3FA00555C5D4}.Release|Any CPU.ActiveCfg = Release|Any CPU
		{D108BD4E-C4C4-4B44-B1AD-3FA00555C5D4}.Release|Any CPU.Build.0 = Release|Any CPU
		{40A1132B-F062-466A-A790-D8345D707897}.Debug|Any CPU.ActiveCfg = Debug|Any CPU
		{40A1132B-F062-466A-A790-D8345D707897}.Debug|Any CPU.Build.0 = Debug|Any CPU
		{40A1132B-F062-466A-A790-D8345D707897}.Release|Any CPU.ActiveCfg = Release|Any CPU
		{40A1132B-F062-466A-A790-D8345D707897}.Release|Any CPU.Build.0 = Release|Any CPU
		{D0687241-D572-437D-AFBC-E6091E701107}.Debug|Any CPU.ActiveCfg = Debug|Any CPU
		{D0687241-D572-437D-AFBC-E6091E701107}.Debug|Any CPU.Build.0 = Debug|Any CPU
		{D0687241-D572-437D-AFBC-E6091E701107}.Release|Any CPU.ActiveCfg = Release|Any CPU
		{D0687241-D572-437D-AFBC-E6091E701107}.Release|Any CPU.Build.0 = Release|Any CPU
		{CCD2145F-65A9-4DAE-8323-C851FCDFFF36}.Debug|Any CPU.ActiveCfg = Debug|Any CPU
		{CCD2145F-65A9-4DAE-8323-C851FCDFFF36}.Debug|Any CPU.Build.0 = Debug|Any CPU
		{CCD2145F-65A9-4DAE-8323-C851FCDFFF36}.Release|Any CPU.ActiveCfg = Release|Any CPU
		{CCD2145F-65A9-4DAE-8323-C851FCDFFF36}.Release|Any CPU.Build.0 = Release|Any CPU
		{2D4BBDCA-82D8-4D10-B48C-6A0A94234A8D}.Debug|Any CPU.ActiveCfg = Debug|Any CPU
		{2D4BBDCA-82D8-4D10-B48C-6A0A94234A8D}.Debug|Any CPU.Build.0 = Debug|Any CPU
		{2D4BBDCA-82D8-4D10-B48C-6A0A94234A8D}.Release|Any CPU.ActiveCfg = Release|Any CPU
		{2D4BBDCA-82D8-4D10-B48C-6A0A94234A8D}.Release|Any CPU.Build.0 = Release|Any CPU
		{9BD990DA-40C2-4BFF-B2BC-8112492E8B73}.Debug|Any CPU.ActiveCfg = Debug|Any CPU
		{9BD990DA-40C2-4BFF-B2BC-8112492E8B73}.Debug|Any CPU.Build.0 = Debug|Any CPU
		{9BD990DA-40C2-4BFF-B2BC-8112492E8B73}.Release|Any CPU.ActiveCfg = Release|Any CPU
		{9BD990DA-40C2-4BFF-B2BC-8112492E8B73}.Release|Any CPU.Build.0 = Release|Any CPU
		{0AFFB84F-8362-48A8-8607-F49DB59990E7}.Debug|Any CPU.ActiveCfg = Debug|Any CPU
		{0AFFB84F-8362-48A8-8607-F49DB59990E7}.Debug|Any CPU.Build.0 = Debug|Any CPU
		{0AFFB84F-8362-48A8-8607-F49DB59990E7}.Release|Any CPU.ActiveCfg = Release|Any CPU
		{0AFFB84F-8362-48A8-8607-F49DB59990E7}.Release|Any CPU.Build.0 = Release|Any CPU
		{764F8CE0-EF7F-432E-8FDF-F421A64589A9}.Debug|Any CPU.ActiveCfg = Debug|Any CPU
		{764F8CE0-EF7F-432E-8FDF-F421A64589A9}.Debug|Any CPU.Build.0 = Debug|Any CPU
		{764F8CE0-EF7F-432E-8FDF-F421A64589A9}.Release|Any CPU.ActiveCfg = Release|Any CPU
		{764F8CE0-EF7F-432E-8FDF-F421A64589A9}.Release|Any CPU.Build.0 = Release|Any CPU
		{3E99FA9B-249C-42BD-B6B8-01BEF9FC4AA5}.Debug|Any CPU.ActiveCfg = Debug|Any CPU
		{3E99FA9B-249C-42BD-B6B8-01BEF9FC4AA5}.Debug|Any CPU.Build.0 = Debug|Any CPU
		{3E99FA9B-249C-42BD-B6B8-01BEF9FC4AA5}.Release|Any CPU.ActiveCfg = Release|Any CPU
		{3E99FA9B-249C-42BD-B6B8-01BEF9FC4AA5}.Release|Any CPU.Build.0 = Release|Any CPU
		{D2F6153B-1133-ED63-DCC9-B361235EC440}.Debug|Any CPU.ActiveCfg = Debug|Any CPU
		{D2F6153B-1133-ED63-DCC9-B361235EC440}.Debug|Any CPU.Build.0 = Debug|Any CPU
		{D2F6153B-1133-ED63-DCC9-B361235EC440}.Release|Any CPU.ActiveCfg = Release|Any CPU
		{D2F6153B-1133-ED63-DCC9-B361235EC440}.Release|Any CPU.Build.0 = Release|Any CPU
		{549D8080-F9B5-4730-A558-6407E3CBD8DD}.Debug|Any CPU.ActiveCfg = Debug|Any CPU
		{549D8080-F9B5-4730-A558-6407E3CBD8DD}.Debug|Any CPU.Build.0 = Debug|Any CPU
		{549D8080-F9B5-4730-A558-6407E3CBD8DD}.Release|Any CPU.ActiveCfg = Release|Any CPU
		{549D8080-F9B5-4730-A558-6407E3CBD8DD}.Release|Any CPU.Build.0 = Release|Any CPU
		{8DB478D3-ACE7-4511-917C-7F457AE8A1A0}.Debug|Any CPU.ActiveCfg = Debug|Any CPU
		{8DB478D3-ACE7-4511-917C-7F457AE8A1A0}.Debug|Any CPU.Build.0 = Debug|Any CPU
		{8DB478D3-ACE7-4511-917C-7F457AE8A1A0}.Release|Any CPU.ActiveCfg = Release|Any CPU
		{8DB478D3-ACE7-4511-917C-7F457AE8A1A0}.Release|Any CPU.Build.0 = Release|Any CPU
		{3906FE2D-8464-4F9F-B553-798D596F6020}.Debug|Any CPU.ActiveCfg = Debug|Any CPU
		{3906FE2D-8464-4F9F-B553-798D596F6020}.Debug|Any CPU.Build.0 = Debug|Any CPU
		{3906FE2D-8464-4F9F-B553-798D596F6020}.Release|Any CPU.ActiveCfg = Release|Any CPU
		{3906FE2D-8464-4F9F-B553-798D596F6020}.Release|Any CPU.Build.0 = Release|Any CPU
		{6E8436D5-B757-4B3E-AF8A-A482A8E6A544}.Debug|Any CPU.ActiveCfg = Debug|Any CPU
		{6E8436D5-B757-4B3E-AF8A-A482A8E6A544}.Debug|Any CPU.Build.0 = Debug|Any CPU
		{6E8436D5-B757-4B3E-AF8A-A482A8E6A544}.Release|Any CPU.ActiveCfg = Release|Any CPU
		{6E8436D5-B757-4B3E-AF8A-A482A8E6A544}.Release|Any CPU.Build.0 = Release|Any CPU
		{7E66FE06-4FDB-47CE-B585-6DE71E4A0609}.Debug|Any CPU.ActiveCfg = Debug|Any CPU
		{7E66FE06-4FDB-47CE-B585-6DE71E4A0609}.Debug|Any CPU.Build.0 = Debug|Any CPU
		{7E66FE06-4FDB-47CE-B585-6DE71E4A0609}.Release|Any CPU.ActiveCfg = Release|Any CPU
		{7E66FE06-4FDB-47CE-B585-6DE71E4A0609}.Release|Any CPU.Build.0 = Release|Any CPU
		{FC690611-A0E5-4C21-BCE8-1D502C033E12}.Debug|Any CPU.ActiveCfg = Debug|Any CPU
		{FC690611-A0E5-4C21-BCE8-1D502C033E12}.Debug|Any CPU.Build.0 = Debug|Any CPU
		{FC690611-A0E5-4C21-BCE8-1D502C033E12}.Release|Any CPU.ActiveCfg = Release|Any CPU
		{FC690611-A0E5-4C21-BCE8-1D502C033E12}.Release|Any CPU.Build.0 = Release|Any CPU
		{5AAE0461-ACA5-8445-1EA1-A91BC2CB4B54}.Debug|Any CPU.ActiveCfg = Debug|Any CPU
		{5AAE0461-ACA5-8445-1EA1-A91BC2CB4B54}.Debug|Any CPU.Build.0 = Debug|Any CPU
		{5AAE0461-ACA5-8445-1EA1-A91BC2CB4B54}.Release|Any CPU.ActiveCfg = Release|Any CPU
		{5AAE0461-ACA5-8445-1EA1-A91BC2CB4B54}.Release|Any CPU.Build.0 = Release|Any CPU
	EndGlobalSection
	GlobalSection(SolutionProperties) = preSolution
		HideSolutionNode = FALSE
	EndGlobalSection
	GlobalSection(NestedProjects) = preSolution
		{DF2B5B75-0E14-48A5-952D-02CAD58A03E2} = {5BAE22E3-DE23-4457-B27B-D77D9924AFB2}
		{CF1D8D3A-2480-4D0F-B5CF-112203FF459C} = {5BAE22E3-DE23-4457-B27B-D77D9924AFB2}
		{4260D2BE-FC8C-42FF-A802-CAD342337B8D} = {5BAE22E3-DE23-4457-B27B-D77D9924AFB2}
		{D108BD4E-C4C4-4B44-B1AD-3FA00555C5D4} = {4260D2BE-FC8C-42FF-A802-CAD342337B8D}
		{6B90C64A-0B54-4338-9664-282C90EECB0A} = {5BAE22E3-DE23-4457-B27B-D77D9924AFB2}
		{F6E26D86-D8A0-4051-8113-45F407664A6F} = {5BAE22E3-DE23-4457-B27B-D77D9924AFB2}
		{685E5CD5-CCAC-47E7-9106-B22AA5641F2E} = {5BAE22E3-DE23-4457-B27B-D77D9924AFB2}
		{31555A31-A727-4F1B-A29B-8180906799DD} = {5BAE22E3-DE23-4457-B27B-D77D9924AFB2}
		{40A1132B-F062-466A-A790-D8345D707897} = {6B90C64A-0B54-4338-9664-282C90EECB0A}
		{D0687241-D572-437D-AFBC-E6091E701107} = {6B90C64A-0B54-4338-9664-282C90EECB0A}
		{CCD2145F-65A9-4DAE-8323-C851FCDFFF36} = {31555A31-A727-4F1B-A29B-8180906799DD}
		{2D4BBDCA-82D8-4D10-B48C-6A0A94234A8D} = {6B90C64A-0B54-4338-9664-282C90EECB0A}
		{9BD990DA-40C2-4BFF-B2BC-8112492E8B73} = {CF1D8D3A-2480-4D0F-B5CF-112203FF459C}
		{0AFFB84F-8362-48A8-8607-F49DB59990E7} = {4260D2BE-FC8C-42FF-A802-CAD342337B8D}
		{764F8CE0-EF7F-432E-8FDF-F421A64589A9} = {4260D2BE-FC8C-42FF-A802-CAD342337B8D}
		{3E99FA9B-249C-42BD-B6B8-01BEF9FC4AA5} = {F6E26D86-D8A0-4051-8113-45F407664A6F}
		{D2F6153B-1133-ED63-DCC9-B361235EC440} = {F6E26D86-D8A0-4051-8113-45F407664A6F}
		{549D8080-F9B5-4730-A558-6407E3CBD8DD} = {685E5CD5-CCAC-47E7-9106-B22AA5641F2E}
		{8DB478D3-ACE7-4511-917C-7F457AE8A1A0} = {685E5CD5-CCAC-47E7-9106-B22AA5641F2E}
		{02EA681E-C7D8-13C7-8484-4AC65E1B71E8} = {5BAE22E3-DE23-4457-B27B-D77D9924AFB2}
		{3906FE2D-8464-4F9F-B553-798D596F6020} = {02EA681E-C7D8-13C7-8484-4AC65E1B71E8}
		{6E8436D5-B757-4B3E-AF8A-A482A8E6A544} = {CF1D8D3A-2480-4D0F-B5CF-112203FF459C}
		{7E66FE06-4FDB-47CE-B585-6DE71E4A0609} = {02EA681E-C7D8-13C7-8484-4AC65E1B71E8}
	EndGlobalSection
	GlobalSection(ExtensibilityGlobals) = postSolution
		SolutionGuid = {18C99B7E-EC34-4186-9A06-C97F1FDC646F}
	EndGlobalSection
EndGlobal
